
Microsoft Visual Studio Solution File, Format Version 12.00
# Visual Studio 15
VisualStudioVersion = 15.0.28307.489
MinimumVisualStudioVersion = 10.0.40219.1
Project("{8BC9CEB8-8B4A-11D0-8D11-00A0C91BC942}") = "Lab1", "Lab1\Lab1.vcxproj", "{A8773FE2-38DC-44A5-9104-402C952F3A6B}"
EndProject
Project("{8BC9CEB8-8B4A-11D0-8D11-00A0C91BC942}") = "Lab2", "Lab2\Lab2.vcxproj", "{3ED68098-CA47-46BF-BC18-27A37901E6EC}"
EndProject
Project("{8BC9CEB8-8B4A-11D0-8D11-00A0C91BC942}") = "Lab3", "Lab3\Lab3.vcxproj", "{9E1BF853-DE81-47AD-87A0-FC37025E36C7}"
EndProject
Project("{8BC9CEB8-8B4A-11D0-8D11-00A0C91BC942}") = "Lab4", "Lab4\Lab4.vcxproj", "{8C7A9BA5-C2DF-40FF-90BB-EE0CB8636F45}"
EndProject
Project("{8BC9CEB8-8B4A-11D0-8D11-00A0C91BC942}") = "Lab5", "Lab5\Lab5.vcxproj", "{8A87BA41-E476-4223-A1F3-E4AD19AF5C70}"
EndProject
Project("{8BC9CEB8-8B4A-11D0-8D11-00A0C91BC942}") = "Lab6", "Lab6\Lab6.vcxproj", "{66DCC4E0-2C99-4BD1-8A1B-B84CC56DC14C}"
EndProject
Project("{8BC9CEB8-8B4A-11D0-8D11-00A0C91BC942}") = "Lab7", "Lab7\Lab7.vcxproj", "{356BBF21-DFFE-4B86-B83F-510E8984E6E0}"
EndProject
Project("{8BC9CEB8-8B4A-11D0-8D11-00A0C91BC942}") = "Lab7a", "Lab7a\Lab7a.vcxproj", "{1B666350-DAA9-4801-9C10-2AD03D7C7FB8}"
EndProject
Global
	GlobalSection(SolutionConfigurationPlatforms) = preSolution
		Debug|x64 = Debug|x64
		Debug|x86 = Debug|x86
		Release|x64 = Release|x64
		Release|x86 = Release|x86
	EndGlobalSection
	GlobalSection(ProjectConfigurationPlatforms) = postSolution
		{A8773FE2-38DC-44A5-9104-402C952F3A6B}.Debug|x64.ActiveCfg = Debug|x64
		{A8773FE2-38DC-44A5-9104-402C952F3A6B}.Debug|x64.Build.0 = Debug|x64
		{A8773FE2-38DC-44A5-9104-402C952F3A6B}.Debug|x86.ActiveCfg = Debug|Win32
		{A8773FE2-38DC-44A5-9104-402C952F3A6B}.Debug|x86.Build.0 = Debug|Win32
		{A8773FE2-38DC-44A5-9104-402C952F3A6B}.Release|x64.ActiveCfg = Release|x64
		{A8773FE2-38DC-44A5-9104-402C952F3A6B}.Release|x64.Build.0 = Release|x64
		{A8773FE2-38DC-44A5-9104-402C952F3A6B}.Release|x86.ActiveCfg = Release|Win32
		{A8773FE2-38DC-44A5-9104-402C952F3A6B}.Release|x86.Build.0 = Release|Win32
		{3ED68098-CA47-46BF-BC18-27A37901E6EC}.Debug|x64.ActiveCfg = Debug|x64
		{3ED68098-CA47-46BF-BC18-27A37901E6EC}.Debug|x64.Build.0 = Debug|x64
		{3ED68098-CA47-46BF-BC18-27A37901E6EC}.Debug|x86.ActiveCfg = Debug|Win32
		{3ED68098-CA47-46BF-BC18-27A37901E6EC}.Debug|x86.Build.0 = Debug|Win32
		{3ED68098-CA47-46BF-BC18-27A37901E6EC}.Release|x64.ActiveCfg = Release|x64
		{3ED68098-CA47-46BF-BC18-27A37901E6EC}.Release|x64.Build.0 = Release|x64
		{3ED68098-CA47-46BF-BC18-27A37901E6EC}.Release|x86.ActiveCfg = Release|Win32
		{3ED68098-CA47-46BF-BC18-27A37901E6EC}.Release|x86.Build.0 = Release|Win32
		{9E1BF853-DE81-47AD-87A0-FC37025E36C7}.Debug|x64.ActiveCfg = Debug|x64
		{9E1BF853-DE81-47AD-87A0-FC37025E36C7}.Debug|x64.Build.0 = Debug|x64
		{9E1BF853-DE81-47AD-87A0-FC37025E36C7}.Debug|x86.ActiveCfg = Debug|Win32
		{9E1BF853-DE81-47AD-87A0-FC37025E36C7}.Debug|x86.Build.0 = Debug|Win32
		{9E1BF853-DE81-47AD-87A0-FC37025E36C7}.Release|x64.ActiveCfg = Release|x64
		{9E1BF853-DE81-47AD-87A0-FC37025E36C7}.Release|x64.Build.0 = Release|x64
		{9E1BF853-DE81-47AD-87A0-FC37025E36C7}.Release|x86.ActiveCfg = Release|Win32
		{9E1BF853-DE81-47AD-87A0-FC37025E36C7}.Release|x86.Build.0 = Release|Win32
		{8C7A9BA5-C2DF-40FF-90BB-EE0CB8636F45}.Debug|x64.ActiveCfg = Debug|x64
		{8C7A9BA5-C2DF-40FF-90BB-EE0CB8636F45}.Debug|x64.Build.0 = Debug|x64
		{8C7A9BA5-C2DF-40FF-90BB-EE0CB8636F45}.Debug|x86.ActiveCfg = Debug|Win32
		{8C7A9BA5-C2DF-40FF-90BB-EE0CB8636F45}.Debug|x86.Build.0 = Debug|Win32
		{8C7A9BA5-C2DF-40FF-90BB-EE0CB8636F45}.Release|x64.ActiveCfg = Release|x64
		{8C7A9BA5-C2DF-40FF-90BB-EE0CB8636F45}.Release|x64.Build.0 = Release|x64
		{8C7A9BA5-C2DF-40FF-90BB-EE0CB8636F45}.Release|x86.ActiveCfg = Release|Win32
		{8C7A9BA5-C2DF-40FF-90BB-EE0CB8636F45}.Release|x86.Build.0 = Release|Win32
		{8A87BA41-E476-4223-A1F3-E4AD19AF5C70}.Debug|x64.ActiveCfg = Debug|x64
		{8A87BA41-E476-4223-A1F3-E4AD19AF5C70}.Debug|x64.Build.0 = Debug|x64
		{8A87BA41-E476-4223-A1F3-E4AD19AF5C70}.Debug|x86.ActiveCfg = Debug|Win32
		{8A87BA41-E476-4223-A1F3-E4AD19AF5C70}.Debug|x86.Build.0 = Debug|Win32
		{8A87BA41-E476-4223-A1F3-E4AD19AF5C70}.Release|x64.ActiveCfg = Release|x64
		{8A87BA41-E476-4223-A1F3-E4AD19AF5C70}.Release|x64.Build.0 = Release|x64
		{8A87BA41-E476-4223-A1F3-E4AD19AF5C70}.Release|x86.ActiveCfg = Release|Win32
		{8A87BA41-E476-4223-A1F3-E4AD19AF5C70}.Release|x86.Build.0 = Release|Win32
		{66DCC4E0-2C99-4BD1-8A1B-B84CC56DC14C}.Debug|x64.ActiveCfg = Debug|x64
		{66DCC4E0-2C99-4BD1-8A1B-B84CC56DC14C}.Debug|x64.Build.0 = Debug|x64
		{66DCC4E0-2C99-4BD1-8A1B-B84CC56DC14C}.Debug|x86.ActiveCfg = Debug|Win32
		{66DCC4E0-2C99-4BD1-8A1B-B84CC56DC14C}.Debug|x86.Build.0 = Debug|Win32
		{66DCC4E0-2C99-4BD1-8A1B-B84CC56DC14C}.Release|x64.ActiveCfg = Release|x64
		{66DCC4E0-2C99-4BD1-8A1B-B84CC56DC14C}.Release|x64.Build.0 = Release|x64
		{66DCC4E0-2C99-4BD1-8A1B-B84CC56DC14C}.Release|x86.ActiveCfg = Release|Win32
		{66DCC4E0-2C99-4BD1-8A1B-B84CC56DC14C}.Release|x86.Build.0 = Release|Win32
		{356BBF21-DFFE-4B86-B83F-510E8984E6E0}.Debug|x64.ActiveCfg = Debug|x64
		{356BBF21-DFFE-4B86-B83F-510E8984E6E0}.Debug|x64.Build.0 = Debug|x64
		{356BBF21-DFFE-4B86-B83F-510E8984E6E0}.Debug|x86.ActiveCfg = Debug|Win32
		{356BBF21-DFFE-4B86-B83F-510E8984E6E0}.Debug|x86.Build.0 = Debug|Win32
		{356BBF21-DFFE-4B86-B83F-510E8984E6E0}.Release|x64.ActiveCfg = Release|x64
		{356BBF21-DFFE-4B86-B83F-510E8984E6E0}.Release|x64.Build.0 = Release|x64
		{356BBF21-DFFE-4B86-B83F-510E8984E6E0}.Release|x86.ActiveCfg = Release|Win32
		{356BBF21-DFFE-4B86-B83F-510E8984E6E0}.Release|x86.Build.0 = Release|Win32
		{1B666350-DAA9-4801-9C10-2AD03D7C7FB8}.Debug|x64.ActiveCfg = Debug|x64
		{1B666350-DAA9-4801-9C10-2AD03D7C7FB8}.Debug|x64.Build.0 = Debug|x64
		{1B666350-DAA9-4801-9C10-2AD03D7C7FB8}.Debug|x86.ActiveCfg = Debug|Win32
		{1B666350-DAA9-4801-9C10-2AD03D7C7FB8}.Debug|x86.Build.0 = Debug|Win32
		{1B666350-DAA9-4801-9C10-2AD03D7C7FB8}.Release|x64.ActiveCfg = Release|x64
		{1B666350-DAA9-4801-9C10-2AD03D7C7FB8}.Release|x64.Build.0 = Release|x64
		{1B666350-DAA9-4801-9C10-2AD03D7C7FB8}.Release|x86.ActiveCfg = Release|Win32
		{1B666350-DAA9-4801-9C10-2AD03D7C7FB8}.Release|x86.Build.0 = Release|Win32
	EndGlobalSection
	GlobalSection(SolutionProperties) = preSolution
		HideSolutionNode = FALSE
	EndGlobalSection
	GlobalSection(ExtensibilityGlobals) = postSolution
		SolutionGuid = {7A655F12-F10B-4ED1-A5FB-1E1DEE711A57}
	EndGlobalSection
EndGlobal
