<?xml version="1.0" encoding="utf-8"?>
<Project ToolsVersion="4.0" xmlns="http://schemas.microsoft.com/developer/msbuild/2003">
  <ItemGroup>
    <Filter Include="Source Files">
      <UniqueIdentifier>{4FC737F1-C7A5-4376-A066-2A32D752A2FF}</UniqueIdentifier>
      <Extensions>cpp;c;cc;cxx;def;odl;idl;hpj;bat;asm;asmx</Extensions>
    </Filter>
    <Filter Include="Header Files">
      <UniqueIdentifier>{93995380-89BD-4b04-88EB-625FBE52EBFB}</UniqueIdentifier>
      <Extensions>h;hh;hpp;hxx;hm;inl;inc;ipp;xsd</Extensions>
    </Filter>
    <Filter Include="Resource Files">
      <UniqueIdentifier>{67DA6AB6-F800-4c08-8B7A-83BB121AAD01}</UniqueIdentifier>
      <Extensions>rc;ico;cur;bmp;dlg;rc2;rct;bin;rgs;gif;jpg;jpeg;jpe;resx;tiff;tif;png;wav;mfcribbon-ms</Extensions>
    </Filter>
    <Filter Include="Connections">
      <UniqueIdentifier>{855bb002-e894-4f65-a924-868edc9f2131}</UniqueIdentifier>
    </Filter>
    <Filter Include="Chateg">
      <UniqueIdentifier>{7a62ebde-8b90-4aff-9191-52bd3c0605d5}</UniqueIdentifier>
    </Filter>
  </ItemGroup>
  <ItemGroup>
    <ClCompile Include="src\stdafx.cpp">
      <Filter>Source Files</Filter>
    </ClCompile>
    <ClCompile Include="src\Lab7.cpp">
      <Filter>Source Files</Filter>
    </ClCompile>
    <ClCompile Include="src\Task2.cpp">
      <Filter>Source Files</Filter>
    </ClCompile>
    <ClCompile Include="src\Task1.cpp">
      <Filter>Source Files</Filter>
    </ClCompile>
    <ClCompile Include="src\Task3.cpp">
      <Filter>Source Files</Filter>
    </ClCompile>
    <ClCompile Include="src\ChategClient.cpp">
      <Filter>Chateg</Filter>
    </ClCompile>
    <ClCompile Include="src\ChategMessage.cpp">
      <Filter>Chateg</Filter>
    </ClCompile>
    <ClCompile Include="src\ChategServer.cpp">
      <Filter>Chateg</Filter>
    </ClCompile>
    <ClCompile Include="src\ChategGUI.cpp">
      <Filter>Chateg</Filter>
    </ClCompile>
  </ItemGroup>
  <ItemGroup>
    <ClInclude Include="src\stdafx.h">
      <Filter>Header Files</Filter>
    </ClInclude>
    <ClInclude Include="src\targetver.h">
      <Filter>Header Files</Filter>
    </ClInclude>
    <ClInclude Include="src\Tasks.hpp">
      <Filter>Header Files</Filter>
    </ClInclude>
    <ClInclude Include="src\MailslotConnection.hpp">
      <Filter>Connections</Filter>
    </ClInclude>
    <ClInclude Include="src\ChategClient.hpp">
      <Filter>Chateg</Filter>
    </ClInclude>
    <ClInclude Include="src\ChategMessage.hpp">
      <Filter>Chateg</Filter>
    </ClInclude>
    <ClInclude Include="src\ChategServer.hpp">
      <Filter>Chateg</Filter>
    </ClInclude>
    <ClInclude Include="src\NamedPipeConnection.hpp">
      <Filter>Connections</Filter>
    </ClInclude>
    <ClInclude Include="src\ChategGUI.hpp">
      <Filter>Chateg</Filter>
    </ClInclude>
    <ClInclude Include="src\SynchronizedQueue.hpp">
      <Filter>Header Files</Filter>
    </ClInclude>
  </ItemGroup>
</Project>